
Microsoft Visual Studio Solution File, Format Version 11.00
# Visual C# Express 2010
Project("{FAE04EC0-301F-11D3-BF4B-00C04F79EFBC}") = "Breakout", "Breakout\Breakout\Breakout.csproj", "{ED873F7D-7018-4C8F-84C4-BA84676D8192}"
EndProject
Project("{96E2B04D-8817-42C6-938A-82C39BA4D311}") = "BreakoutContent", "Breakout\BreakoutContent\BreakoutContent.contentproj", "{36D05E80-1432-4870-B0EA-483B8CC603F7}"
EndProject
Global
	GlobalSection(SolutionConfigurationPlatforms) = preSolution
		Debug|x86 = Debug|x86
		Release|x86 = Release|x86
	EndGlobalSection
	GlobalSection(ProjectConfigurationPlatforms) = postSolution
		{ED873F7D-7018-4C8F-84C4-BA84676D8192}.Debug|x86.ActiveCfg = Debug|x86
		{ED873F7D-7018-4C8F-84C4-BA84676D8192}.Debug|x86.Build.0 = Debug|x86
		{ED873F7D-7018-4C8F-84C4-BA84676D8192}.Release|x86.ActiveCfg = Release|x86
		{ED873F7D-7018-4C8F-84C4-BA84676D8192}.Release|x86.Build.0 = Release|x86
		{36D05E80-1432-4870-B0EA-483B8CC603F7}.Debug|x86.ActiveCfg = Debug|x86
		{36D05E80-1432-4870-B0EA-483B8CC603F7}.Release|x86.ActiveCfg = Release|x86
	EndGlobalSection
	GlobalSection(SolutionProperties) = preSolution
		HideSolutionNode = FALSE
	EndGlobalSection
EndGlobal
